
Microsoft Visual Studio Solution File, Format Version 12.00
# Visual Studio 14
VisualStudioVersion = 14.0.25420.1
MinimumVisualStudioVersion = 10.0.40219.1
Project("{FAE04EC0-301F-11D3-BF4B-00C04F79EFBC}") = "EventBAL", "ProjectBAL\EventBAL.csproj", "{94EA8CB0-6506-4F04-8E5D-BC555234679C}"
EndProject
Project("{FAE04EC0-301F-11D3-BF4B-00C04F79EFBC}") = "ParticipantBAL", "Participant\ParticipantBAL.csproj", "{CD40E654-6BC5-4A3E-815D-98F90BC9C724}"
EndProject
Project("{FAE04EC0-301F-11D3-BF4B-00C04F79EFBC}") = "VenueBAL", "VenueBAL\VenueBAL.csproj", "{552BC1EB-1A16-4F98-AAD9-9D530BE3E24C}"
EndProject
Project("{FAE04EC0-301F-11D3-BF4B-00C04F79EFBC}") = "CourseBAL", "CourseBAL\CourseBAL.csproj", "{E771A929-5C86-48D2-8DE3-2C62A38BE6EE}"
EndProject
Project("{FAE04EC0-301F-11D3-BF4B-00C04F79EFBC}") = "SpeakerBAL", "SpeakerBAL\SpeakerBAL.csproj", "{C93893AA-8BFB-450F-8EC2-6663CB6667FF}"
EndProject
Global
	GlobalSection(SolutionConfigurationPlatforms) = preSolution
		Debug|Any CPU = Debug|Any CPU
		Release|Any CPU = Release|Any CPU
	EndGlobalSection
	GlobalSection(ProjectConfigurationPlatforms) = postSolution
		{94EA8CB0-6506-4F04-8E5D-BC555234679C}.Debug|Any CPU.ActiveCfg = Debug|Any CPU
		{94EA8CB0-6506-4F04-8E5D-BC555234679C}.Debug|Any CPU.Build.0 = Debug|Any CPU
		{94EA8CB0-6506-4F04-8E5D-BC555234679C}.Release|Any CPU.ActiveCfg = Release|Any CPU
		{94EA8CB0-6506-4F04-8E5D-BC555234679C}.Release|Any CPU.Build.0 = Release|Any CPU
		{CD40E654-6BC5-4A3E-815D-98F90BC9C724}.Debug|Any CPU.ActiveCfg = Debug|Any CPU
		{CD40E654-6BC5-4A3E-815D-98F90BC9C724}.Debug|Any CPU.Build.0 = Debug|Any CPU
		{CD40E654-6BC5-4A3E-815D-98F90BC9C724}.Release|Any CPU.ActiveCfg = Release|Any CPU
		{CD40E654-6BC5-4A3E-815D-98F90BC9C724}.Release|Any CPU.Build.0 = Release|Any CPU
		{552BC1EB-1A16-4F98-AAD9-9D530BE3E24C}.Debug|Any CPU.ActiveCfg = Debug|Any CPU
		{552BC1EB-1A16-4F98-AAD9-9D530BE3E24C}.Debug|Any CPU.Build.0 = Debug|Any CPU
		{552BC1EB-1A16-4F98-AAD9-9D530BE3E24C}.Release|Any CPU.ActiveCfg = Release|Any CPU
		{552BC1EB-1A16-4F98-AAD9-9D530BE3E24C}.Release|Any CPU.Build.0 = Release|Any CPU
		{E771A929-5C86-48D2-8DE3-2C62A38BE6EE}.Debug|Any CPU.ActiveCfg = Debug|Any CPU
		{E771A929-5C86-48D2-8DE3-2C62A38BE6EE}.Debug|Any CPU.Build.0 = Debug|Any CPU
		{E771A929-5C86-48D2-8DE3-2C62A38BE6EE}.Release|Any CPU.ActiveCfg = Release|Any CPU
		{E771A929-5C86-48D2-8DE3-2C62A38BE6EE}.Release|Any CPU.Build.0 = Release|Any CPU
		{C93893AA-8BFB-450F-8EC2-6663CB6667FF}.Debug|Any CPU.ActiveCfg = Debug|Any CPU
		{C93893AA-8BFB-450F-8EC2-6663CB6667FF}.Debug|Any CPU.Build.0 = Debug|Any CPU
		{C93893AA-8BFB-450F-8EC2-6663CB6667FF}.Release|Any CPU.ActiveCfg = Release|Any CPU
		{C93893AA-8BFB-450F-8EC2-6663CB6667FF}.Release|Any CPU.Build.0 = Release|Any CPU
	EndGlobalSection
	GlobalSection(SolutionProperties) = preSolution
		HideSolutionNode = FALSE
	EndGlobalSection
EndGlobal
